
Microsoft Visual Studio Solution File, Format Version 12.00
# Visual Studio 15
VisualStudioVersion = 15.0.28307.757
MinimumVisualStudioVersion = 10.0.40219.1
Project("{FAE04EC0-301F-11D3-BF4B-00C04F79EFBC}") = "Ruckus2", "Ruckus2\Ruckus2.csproj", "{E405A617-0F01-4D5C-A72B-1D0D95A2EB64}"
EndProject
Global
	GlobalSection(SolutionConfigurationPlatforms) = preSolution
		Debug|Any CPU = Debug|Any CPU
		Release|Any CPU = Release|Any CPU
	EndGlobalSection
	GlobalSection(ProjectConfigurationPlatforms) = postSolution
		{E405A617-0F01-4D5C-A72B-1D0D95A2EB64}.Debug|Any CPU.ActiveCfg = Debug|Any CPU
		{E405A617-0F01-4D5C-A72B-1D0D95A2EB64}.Debug|Any CPU.Build.0 = Debug|Any CPU
		{E405A617-0F01-4D5C-A72B-1D0D95A2EB64}.Release|Any CPU.ActiveCfg = Release|Any CPU
		{E405A617-0F01-4D5C-A72B-1D0D95A2EB64}.Release|Any CPU.Build.0 = Release|Any CPU
	EndGlobalSection
	GlobalSection(SolutionProperties) = preSolution
		HideSolutionNode = FALSE
	EndGlobalSection
	GlobalSection(ExtensibilityGlobals) = postSolution
		SolutionGuid = {BC74912F-228D-4D1D-9A25-80D4ECE80E06}
	EndGlobalSection
EndGlobal
